
Microsoft Visual Studio Solution File, Format Version 12.00
# Visual Studio Version 17
VisualStudioVersion = 17.0.32014.148
MinimumVisualStudioVersion = 10.0.40219.1
Project("{9A19103F-16F7-4668-BE54-9A1E7A4F7556}") = "Carshops_MVC", "Carshops_MVC.csproj", "{BFAAE48B-2905-45F2-8BFF-05F51E9D7580}"
EndProject
Global
	GlobalSection(SolutionConfigurationPlatforms) = preSolution
		Debug|Any CPU = Debug|Any CPU
		Release|Any CPU = Release|Any CPU
	EndGlobalSection
	GlobalSection(ProjectConfigurationPlatforms) = postSolution
		{BFAAE48B-2905-45F2-8BFF-05F51E9D7580}.Debug|Any CPU.ActiveCfg = Debug|Any CPU
		{BFAAE48B-2905-45F2-8BFF-05F51E9D7580}.Debug|Any CPU.Build.0 = Debug|Any CPU
		{BFAAE48B-2905-45F2-8BFF-05F51E9D7580}.Release|Any CPU.ActiveCfg = Release|Any CPU
		{BFAAE48B-2905-45F2-8BFF-05F51E9D7580}.Release|Any CPU.Build.0 = Release|Any CPU
	EndGlobalSection
	GlobalSection(SolutionProperties) = preSolution
		HideSolutionNode = FALSE
	EndGlobalSection
	GlobalSection(ExtensibilityGlobals) = postSolution
		SolutionGuid = {40AAAAD3-9310-4116-9C8C-3C09B7F8DEED}
	EndGlobalSection
EndGlobal
